// !$*UTF8*$!
{
	archiveVersion = 1;
	classes = {
	};
	objectVersion = 50;
	objects = {

/* Begin PBXBuildFile section */
		FA02B99026424F2800457D2F /* AppDelegate.swift in Sources */ = {isa = PBXBuildFile; fileRef = FA02B98F26424F2800457D2F /* AppDelegate.swift */; };
		FA02B99226424F2800457D2F /* SceneDelegate.swift in Sources */ = {isa = PBXBuildFile; fileRef = FA02B99126424F2800457D2F /* SceneDelegate.swift */; };
		FA02B99426424F2800457D2F /* ViewController.swift in Sources */ = {isa = PBXBuildFile; fileRef = FA02B99326424F2800457D2F /* ViewController.swift */; };
		FA02B99726424F2800457D2F /* Main.storyboard in Resources */ = {isa = PBXBuildFile; fileRef = FA02B99526424F2800457D2F /* Main.storyboard */; };
		FA02B99926424F2900457D2F /* Assets.xcassets in Resources */ = {isa = PBXBuildFile; fileRef = FA02B99826424F2900457D2F /* Assets.xcassets */; };
		FA02B99C26424F2900457D2F /* LaunchScreen.storyboard in Resources */ = {isa = PBXBuildFile; fileRef = FA02B99A26424F2900457D2F /* LaunchScreen.storyboard */; };
		FA1BD52226467B0A0073188A /* TableViewController.swift in Sources */ = {isa = PBXBuildFile; fileRef = FA1BD52126467B0A0073188A /* TableViewController.swift */; };
		FA1BD52C26467D590073188A /* DreamTableViewCell.swift in Sources */ = {isa = PBXBuildFile; fileRef = FA1BD52A26467D590073188A /* DreamTableViewCell.swift */; };
		FA1BD52D26467D590073188A /* DreamTableViewCell.xib in Resources */ = {isa = PBXBuildFile; fileRef = FA1BD52B26467D590073188A /* DreamTableViewCell.xib */; };
		FA4D4C2A26479CF500188E61 /* NotFoundView.swift in Sources */ = {isa = PBXBuildFile; fileRef = FA4D4C2826479CF500188E61 /* NotFoundView.swift */; };
		FA4D4C2B26479CF500188E61 /* NotFoundView.xib in Resources */ = {isa = PBXBuildFile; fileRef = FA4D4C2926479CF500188E61 /* NotFoundView.xib */; };
		FA7DB0202645430700822EAA /* GestureViewController.swift in Sources */ = {isa = PBXBuildFile; fileRef = FA7DB01F2645430700822EAA /* GestureViewController.swift */; };
		FAD9E2CC26426E6C005CC3C7 /* RoundButton.swift in Sources */ = {isa = PBXBuildFile; fileRef = FAD9E2CB26426E6C005CC3C7 /* RoundButton.swift */; };
		FAD9E2E92642848B005CC3C7 /* Poppins-ExtraLight.ttf in Resources */ = {isa = PBXBuildFile; fileRef = FAD9E2D6264281F3005CC3C7 /* Poppins-ExtraLight.ttf */; };
		FAD9E2EA2642848B005CC3C7 /* Poppins-ThinItalic.ttf in Resources */ = {isa = PBXBuildFile; fileRef = FAD9E2D7264281F3005CC3C7 /* Poppins-ThinItalic.ttf */; };
		FAD9E2EB2642848B005CC3C7 /* Poppins-ExtraLightItalic.ttf in Resources */ = {isa = PBXBuildFile; fileRef = FAD9E2D8264281F3005CC3C7 /* Poppins-ExtraLightItalic.ttf */; };
		FAD9E2EC2642848B005CC3C7 /* Poppins-BoldItalic.ttf in Resources */ = {isa = PBXBuildFile; fileRef = FAD9E2D9264281F3005CC3C7 /* Poppins-BoldItalic.ttf */; };
		FAD9E2ED2642848B005CC3C7 /* Poppins-Light.ttf in Resources */ = {isa = PBXBuildFile; fileRef = FAD9E2DA264281F3005CC3C7 /* Poppins-Light.ttf */; };
		FAD9E2EE2642848B005CC3C7 /* Poppins-Medium.ttf in Resources */ = {isa = PBXBuildFile; fileRef = FAD9E2DB264281F3005CC3C7 /* Poppins-Medium.ttf */; };
		FAD9E2EF2642848B005CC3C7 /* Poppins-SemiBoldItalic.ttf in Resources */ = {isa = PBXBuildFile; fileRef = FAD9E2DC264281F4005CC3C7 /* Poppins-SemiBoldItalic.ttf */; };
		FAD9E2F02642848B005CC3C7 /* Poppins-ExtraBoldItalic.ttf in Resources */ = {isa = PBXBuildFile; fileRef = FAD9E2DD264281F4005CC3C7 /* Poppins-ExtraBoldItalic.ttf */; };
		FAD9E2F12642848B005CC3C7 /* Poppins-ExtraBold.ttf in Resources */ = {isa = PBXBuildFile; fileRef = FAD9E2DE264281F4005CC3C7 /* Poppins-ExtraBold.ttf */; };
		FAD9E2F22642848B005CC3C7 /* Poppins-BlackItalic.ttf in Resources */ = {isa = PBXBuildFile; fileRef = FAD9E2DF264281F4005CC3C7 /* Poppins-BlackItalic.ttf */; };
		FAD9E2F32642848B005CC3C7 /* Poppins-Regular.ttf in Resources */ = {isa = PBXBuildFile; fileRef = FAD9E2E0264281F4005CC3C7 /* Poppins-Regular.ttf */; };
		FAD9E2F42642848B005CC3C7 /* Poppins-LightItalic.ttf in Resources */ = {isa = PBXBuildFile; fileRef = FAD9E2E1264281F4005CC3C7 /* Poppins-LightItalic.ttf */; };
		FAD9E2F52642848B005CC3C7 /* Poppins-Bold.ttf in Resources */ = {isa = PBXBuildFile; fileRef = FAD9E2E2264281F4005CC3C7 /* Poppins-Bold.ttf */; };
		FAD9E2F62642848B005CC3C7 /* Poppins-Black.ttf in Resources */ = {isa = PBXBuildFile; fileRef = FAD9E2E3264281F4005CC3C7 /* Poppins-Black.ttf */; };
		FAD9E2F72642848B005CC3C7 /* Poppins-Thin.ttf in Resources */ = {isa = PBXBuildFile; fileRef = FAD9E2E4264281F4005CC3C7 /* Poppins-Thin.ttf */; };
		FAD9E2F82642848B005CC3C7 /* Poppins-SemiBold.ttf in Resources */ = {isa = PBXBuildFile; fileRef = FAD9E2E5264281F4005CC3C7 /* Poppins-SemiBold.ttf */; };
		FAD9E2F92642848B005CC3C7 /* Poppins-Italic.ttf in Resources */ = {isa = PBXBuildFile; fileRef = FAD9E2E6264281F4005CC3C7 /* Poppins-Italic.ttf */; };
		FAD9E2FA2642848B005CC3C7 /* Poppins-MediumItalic.ttf in Resources */ = {isa = PBXBuildFile; fileRef = FAD9E2E7264281F4005CC3C7 /* Poppins-MediumItalic.ttf */; };
/* End PBXBuildFile section */

/* Begin PBXFileReference section */
		FA02B98C26424F2800457D2F /* MyMonee.app */ = {isa = PBXFileReference; explicitFileType = wrapper.application; includeInIndex = 0; path = MyMonee.app; sourceTree = BUILT_PRODUCTS_DIR; };
		FA02B98F26424F2800457D2F /* AppDelegate.swift */ = {isa = PBXFileReference; lastKnownFileType = sourcecode.swift; path = AppDelegate.swift; sourceTree = "<group>"; };
		FA02B99126424F2800457D2F /* SceneDelegate.swift */ = {isa = PBXFileReference; lastKnownFileType = sourcecode.swift; path = SceneDelegate.swift; sourceTree = "<group>"; };
		FA02B99326424F2800457D2F /* ViewController.swift */ = {isa = PBXFileReference; lastKnownFileType = sourcecode.swift; path = ViewController.swift; sourceTree = "<group>"; };
		FA02B99626424F2800457D2F /* Base */ = {isa = PBXFileReference; lastKnownFileType = file.storyboard; name = Base; path = Base.lproj/Main.storyboard; sourceTree = "<group>"; };
		FA02B99826424F2900457D2F /* Assets.xcassets */ = {isa = PBXFileReference; lastKnownFileType = folder.assetcatalog; path = Assets.xcassets; sourceTree = "<group>"; };
		FA02B99B26424F2900457D2F /* Base */ = {isa = PBXFileReference; lastKnownFileType = file.storyboard; name = Base; path = Base.lproj/LaunchScreen.storyboard; sourceTree = "<group>"; };
		FA02B99D26424F2900457D2F /* Info.plist */ = {isa = PBXFileReference; lastKnownFileType = text.plist.xml; path = Info.plist; sourceTree = "<group>"; };
		FA1BD52126467B0A0073188A /* TableViewController.swift */ = {isa = PBXFileReference; lastKnownFileType = sourcecode.swift; path = TableViewController.swift; sourceTree = "<group>"; };
		FA1BD52A26467D590073188A /* DreamTableViewCell.swift */ = {isa = PBXFileReference; lastKnownFileType = sourcecode.swift; path = DreamTableViewCell.swift; sourceTree = "<group>"; };
		FA1BD52B26467D590073188A /* DreamTableViewCell.xib */ = {isa = PBXFileReference; lastKnownFileType = file.xib; path = DreamTableViewCell.xib; sourceTree = "<group>"; };
		FA4D4C2826479CF500188E61 /* NotFoundView.swift */ = {isa = PBXFileReference; lastKnownFileType = sourcecode.swift; path = NotFoundView.swift; sourceTree = "<group>"; };
		FA4D4C2926479CF500188E61 /* NotFoundView.xib */ = {isa = PBXFileReference; lastKnownFileType = file.xib; path = NotFoundView.xib; sourceTree = "<group>"; };
		FA7DB01F2645430700822EAA /* GestureViewController.swift */ = {isa = PBXFileReference; lastKnownFileType = sourcecode.swift; path = GestureViewController.swift; sourceTree = "<group>"; };
		FAD9E2CB26426E6C005CC3C7 /* RoundButton.swift */ = {isa = PBXFileReference; lastKnownFileType = sourcecode.swift; path = RoundButton.swift; sourceTree = "<group>"; };
		FAD9E2D6264281F3005CC3C7 /* Poppins-ExtraLight.ttf */ = {isa = PBXFileReference; lastKnownFileType = file; path = "Poppins-ExtraLight.ttf"; sourceTree = "<group>"; };
		FAD9E2D7264281F3005CC3C7 /* Poppins-ThinItalic.ttf */ = {isa = PBXFileReference; lastKnownFileType = file; path = "Poppins-ThinItalic.ttf"; sourceTree = "<group>"; };
		FAD9E2D8264281F3005CC3C7 /* Poppins-ExtraLightItalic.ttf */ = {isa = PBXFileReference; lastKnownFileType = file; path = "Poppins-ExtraLightItalic.ttf"; sourceTree = "<group>"; };
		FAD9E2D9264281F3005CC3C7 /* Poppins-BoldItalic.ttf */ = {isa = PBXFileReference; lastKnownFileType = file; path = "Poppins-BoldItalic.ttf"; sourceTree = "<group>"; };
		FAD9E2DA264281F3005CC3C7 /* Poppins-Light.ttf */ = {isa = PBXFileReference; lastKnownFileType = file; path = "Poppins-Light.ttf"; sourceTree = "<group>"; };
		FAD9E2DB264281F3005CC3C7 /* Poppins-Medium.ttf */ = {isa = PBXFileReference; lastKnownFileType = file; path = "Poppins-Medium.ttf"; sourceTree = "<group>"; };
		FAD9E2DC264281F4005CC3C7 /* Poppins-SemiBoldItalic.ttf */ = {isa = PBXFileReference; lastKnownFileType = file; path = "Poppins-SemiBoldItalic.ttf"; sourceTree = "<group>"; };
		FAD9E2DD264281F4005CC3C7 /* Poppins-ExtraBoldItalic.ttf */ = {isa = PBXFileReference; lastKnownFileType = file; path = "Poppins-ExtraBoldItalic.ttf"; sourceTree = "<group>"; };
		FAD9E2DE264281F4005CC3C7 /* Poppins-ExtraBold.ttf */ = {isa = PBXFileReference; lastKnownFileType = file; path = "Poppins-ExtraBold.ttf"; sourceTree = "<group>"; };
		FAD9E2DF264281F4005CC3C7 /* Poppins-BlackItalic.ttf */ = {isa = PBXFileReference; lastKnownFileType = file; path = "Poppins-BlackItalic.ttf"; sourceTree = "<group>"; };
		FAD9E2E0264281F4005CC3C7 /* Poppins-Regular.ttf */ = {isa = PBXFileReference; lastKnownFileType = file; path = "Poppins-Regular.ttf"; sourceTree = "<group>"; };
		FAD9E2E1264281F4005CC3C7 /* Poppins-LightItalic.ttf */ = {isa = PBXFileReference; lastKnownFileType = file; path = "Poppins-LightItalic.ttf"; sourceTree = "<group>"; };
		FAD9E2E2264281F4005CC3C7 /* Poppins-Bold.ttf */ = {isa = PBXFileReference; lastKnownFileType = file; path = "Poppins-Bold.ttf"; sourceTree = "<group>"; };
		FAD9E2E3264281F4005CC3C7 /* Poppins-Black.ttf */ = {isa = PBXFileReference; lastKnownFileType = file; path = "Poppins-Black.ttf"; sourceTree = "<group>"; };
		FAD9E2E4264281F4005CC3C7 /* Poppins-Thin.ttf */ = {isa = PBXFileReference; lastKnownFileType = file; path = "Poppins-Thin.ttf"; sourceTree = "<group>"; };
		FAD9E2E5264281F4005CC3C7 /* Poppins-SemiBold.ttf */ = {isa = PBXFileReference; lastKnownFileType = file; path = "Poppins-SemiBold.ttf"; sourceTree = "<group>"; };
		FAD9E2E6264281F4005CC3C7 /* Poppins-Italic.ttf */ = {isa = PBXFileReference; lastKnownFileType = file; path = "Poppins-Italic.ttf"; sourceTree = "<group>"; };
		FAD9E2E7264281F4005CC3C7 /* Poppins-MediumItalic.ttf */ = {isa = PBXFileReference; lastKnownFileType = file; path = "Poppins-MediumItalic.ttf"; sourceTree = "<group>"; };
/* End PBXFileReference section */

/* Begin PBXFrameworksBuildPhase section */
		FA02B98926424F2800457D2F /* Frameworks */ = {
			isa = PBXFrameworksBuildPhase;
			buildActionMask = 2147483647;
			files = (
			);
			runOnlyForDeploymentPostprocessing = 0;
		};
/* End PBXFrameworksBuildPhase section */

/* Begin PBXGroup section */
		FA02B98326424F2800457D2F = {
			isa = PBXGroup;
			children = (
				FAD9E2D4264281F3005CC3C7 /* Fonts */,
				FA02B98E26424F2800457D2F /* MyMonee */,
				FA02B98D26424F2800457D2F /* Products */,
			);
			sourceTree = "<group>";
		};
		FA02B98D26424F2800457D2F /* Products */ = {
			isa = PBXGroup;
			children = (
				FA02B98C26424F2800457D2F /* MyMonee.app */,
			);
			name = Products;
			sourceTree = "<group>";
		};
		FA02B98E26424F2800457D2F /* MyMonee */ = {
			isa = PBXGroup;
			children = (
				FA4D4C2626479CB000188E61 /* Component */,
				FA02B98F26424F2800457D2F /* AppDelegate.swift */,
				FAD9E2CB26426E6C005CC3C7 /* RoundButton.swift */,
				FA02B99126424F2800457D2F /* SceneDelegate.swift */,
				FA02B99326424F2800457D2F /* ViewController.swift */,
				FA02B99526424F2800457D2F /* Main.storyboard */,
				FA02B99826424F2900457D2F /* Assets.xcassets */,
				FA02B99A26424F2900457D2F /* LaunchScreen.storyboard */,
				FA02B99D26424F2900457D2F /* Info.plist */,
				FA7DB01F2645430700822EAA /* GestureViewController.swift */,
				FA1BD52A26467D590073188A /* DreamTableViewCell.swift */,
				FA1BD52B26467D590073188A /* DreamTableViewCell.xib */,
				FA1BD52126467B0A0073188A /* TableViewController.swift */,
			);
			path = MyMonee;
			sourceTree = "<group>";
		};
		FA4D4C2626479CB000188E61 /* Component */ = {
			isa = PBXGroup;
			children = (
				FA4D4C2826479CF500188E61 /* NotFoundView.swift */,
				FA4D4C2926479CF500188E61 /* NotFoundView.xib */,
			);
			path = Component;
			sourceTree = "<group>";
		};
		FAD9E2D4264281F3005CC3C7 /* Fonts */ = {
			isa = PBXGroup;
			children = (
				FAD9E2D5264281F3005CC3C7 /* Poppins */,
			);
			path = Fonts;
			sourceTree = "<group>";
		};
		FAD9E2D5264281F3005CC3C7 /* Poppins */ = {
			isa = PBXGroup;
			children = (
				FAD9E2D6264281F3005CC3C7 /* Poppins-ExtraLight.ttf */,
				FAD9E2D7264281F3005CC3C7 /* Poppins-ThinItalic.ttf */,
				FAD9E2D8264281F3005CC3C7 /* Poppins-ExtraLightItalic.ttf */,
				FAD9E2D9264281F3005CC3C7 /* Poppins-BoldItalic.ttf */,
				FAD9E2DA264281F3005CC3C7 /* Poppins-Light.ttf */,
				FAD9E2DB264281F3005CC3C7 /* Poppins-Medium.ttf */,
				FAD9E2DC264281F4005CC3C7 /* Poppins-SemiBoldItalic.ttf */,
				FAD9E2DD264281F4005CC3C7 /* Poppins-ExtraBoldItalic.ttf */,
				FAD9E2DE264281F4005CC3C7 /* Poppins-ExtraBold.ttf */,
				FAD9E2DF264281F4005CC3C7 /* Poppins-BlackItalic.ttf */,
				FAD9E2E0264281F4005CC3C7 /* Poppins-Regular.ttf */,
				FAD9E2E1264281F4005CC3C7 /* Poppins-LightItalic.ttf */,
				FAD9E2E2264281F4005CC3C7 /* Poppins-Bold.ttf */,
				FAD9E2E3264281F4005CC3C7 /* Poppins-Black.ttf */,
				FAD9E2E4264281F4005CC3C7 /* Poppins-Thin.ttf */,
				FAD9E2E5264281F4005CC3C7 /* Poppins-SemiBold.ttf */,
				FAD9E2E6264281F4005CC3C7 /* Poppins-Italic.ttf */,
				FAD9E2E7264281F4005CC3C7 /* Poppins-MediumItalic.ttf */,
			);
			path = Poppins;
			sourceTree = "<group>";
		};
/* End PBXGroup section */

/* Begin PBXNativeTarget section */
		FA02B98B26424F2800457D2F /* MyMonee */ = {
			isa = PBXNativeTarget;
			buildConfigurationList = FA02B9A026424F2900457D2F /* Build configuration list for PBXNativeTarget "MyMonee" */;
			buildPhases = (
				FA02B98826424F2800457D2F /* Sources */,
				FA02B98926424F2800457D2F /* Frameworks */,
				FA02B98A26424F2800457D2F /* Resources */,
			);
			buildRules = (
			);
			dependencies = (
			);
			name = MyMonee;
			productName = MyMonee;
			productReference = FA02B98C26424F2800457D2F /* MyMonee.app */;
			productType = "com.apple.product-type.application";
		};
/* End PBXNativeTarget section */

/* Begin PBXProject section */
		FA02B98426424F2800457D2F /* Project object */ = {
			isa = PBXProject;
			attributes = {
				LastSwiftUpdateCheck = 1240;
				LastUpgradeCheck = 1240;
				TargetAttributes = {
					FA02B98B26424F2800457D2F = {
						CreatedOnToolsVersion = 12.4;
					};
				};
			};
			buildConfigurationList = FA02B98726424F2800457D2F /* Build configuration list for PBXProject "MyMonee" */;
			compatibilityVersion = "Xcode 9.3";
			developmentRegion = en;
			hasScannedForEncodings = 0;
			knownRegions = (
				en,
				Base,
			);
			mainGroup = FA02B98326424F2800457D2F;
			productRefGroup = FA02B98D26424F2800457D2F /* Products */;
			projectDirPath = "";
			projectRoot = "";
			targets = (
				FA02B98B26424F2800457D2F /* MyMonee */,
			);
		};
/* End PBXProject section */

/* Begin PBXResourcesBuildPhase section */
		FA02B98A26424F2800457D2F /* Resources */ = {
			isa = PBXResourcesBuildPhase;
			buildActionMask = 2147483647;
			files = (
				FAD9E2E92642848B005CC3C7 /* Poppins-ExtraLight.ttf in Resources */,
				FAD9E2EA2642848B005CC3C7 /* Poppins-ThinItalic.ttf in Resources */,
				FAD9E2EB2642848B005CC3C7 /* Poppins-ExtraLightItalic.ttf in Resources */,
				FA1BD52D26467D590073188A /* DreamTableViewCell.xib in Resources */,
				FAD9E2EC2642848B005CC3C7 /* Poppins-BoldItalic.ttf in Resources */,
				FAD9E2ED2642848B005CC3C7 /* Poppins-Light.ttf in Resources */,
				FAD9E2EE2642848B005CC3C7 /* Poppins-Medium.ttf in Resources */,
				FAD9E2EF2642848B005CC3C7 /* Poppins-SemiBoldItalic.ttf in Resources */,
				FA4D4C2B26479CF500188E61 /* NotFoundView.xib in Resources */,
				FAD9E2F02642848B005CC3C7 /* Poppins-ExtraBoldItalic.ttf in Resources */,
				FAD9E2F12642848B005CC3C7 /* Poppins-ExtraBold.ttf in Resources */,
				FAD9E2F22642848B005CC3C7 /* Poppins-BlackItalic.ttf in Resources */,
				FAD9E2F32642848B005CC3C7 /* Poppins-Regular.ttf in Resources */,
				FAD9E2F42642848B005CC3C7 /* Poppins-LightItalic.ttf in Resources */,
				FAD9E2F52642848B005CC3C7 /* Poppins-Bold.ttf in Resources */,
				FAD9E2F62642848B005CC3C7 /* Poppins-Black.ttf in Resources */,
				FAD9E2F72642848B005CC3C7 /* Poppins-Thin.ttf in Resources */,
				FAD9E2F82642848B005CC3C7 /* Poppins-SemiBold.ttf in Resources */,
				FAD9E2F92642848B005CC3C7 /* Poppins-Italic.ttf in Resources */,
				FAD9E2FA2642848B005CC3C7 /* Poppins-MediumItalic.ttf in Resources */,
				FA02B99C26424F2900457D2F /* LaunchScreen.storyboard in Resources */,
				FA02B99926424F2900457D2F /* Assets.xcassets in Resources */,
				FA02B99726424F2800457D2F /* Main.storyboard in Resources */,
			);
			runOnlyForDeploymentPostprocessing = 0;
		};
/* End PBXResourcesBuildPhase section */

/* Begin PBXSourcesBuildPhase section */
		FA02B98826424F2800457D2F /* Sources */ = {
			isa = PBXSourcesBuildPhase;
			buildActionMask = 2147483647;
			files = (
				FA02B99426424F2800457D2F /* ViewController.swift in Sources */,
				FA1BD52C26467D590073188A /* DreamTableViewCell.swift in Sources */,
				FA1BD52226467B0A0073188A /* TableViewController.swift in Sources */,
				FA02B99026424F2800457D2F /* AppDelegate.swift in Sources */,
				FAD9E2CC26426E6C005CC3C7 /* RoundButton.swift in Sources */,
				FA4D4C2A26479CF500188E61 /* NotFoundView.swift in Sources */,
				FA7DB0202645430700822EAA /* GestureViewController.swift in Sources */,
				FA02B99226424F2800457D2F /* SceneDelegate.swift in Sources */,
			);
			runOnlyForDeploymentPostprocessing = 0;
		};
/* End PBXSourcesBuildPhase section */

/* Begin PBXVariantGroup section */
		FA02B99526424F2800457D2F /* Main.storyboard */ = {
			isa = PBXVariantGroup;
			children = (
				FA02B99626424F2800457D2F /* Base */,
			);
			name = Main.storyboard;
			sourceTree = "<group>";
		};
		FA02B99A26424F2900457D2F /* LaunchScreen.storyboard */ = {
			isa = PBXVariantGroup;
			children = (
				FA02B99B26424F2900457D2F /* Base */,
			);
			name = LaunchScreen.storyboard;
			sourceTree = "<group>";
		};
/* End PBXVariantGroup section */

/* Begin XCBuildConfiguration section */
		FA02B99E26424F2900457D2F /* Debug */ = {
			isa = XCBuildConfiguration;
			buildSettings = {
				ALWAYS_SEARCH_USER_PATHS = NO;
				CLANG_ANALYZER_NONNULL = YES;
				CLANG_ANALYZER_NUMBER_OBJECT_CONVERSION = YES_AGGRESSIVE;
				CLANG_CXX_LANGUAGE_STANDARD = "gnu++14";
				CLANG_CXX_LIBRARY = "libc++";
				CLANG_ENABLE_MODULES = YES;
				CLANG_ENABLE_OBJC_ARC = YES;
				CLANG_ENABLE_OBJC_WEAK = YES;
				CLANG_WARN_BLOCK_CAPTURE_AUTORELEASING = YES;
				CLANG_WARN_BOOL_CONVERSION = YES;
				CLANG_WARN_COMMA = YES;
				CLANG_WARN_CONSTANT_CONVERSION = YES;
				CLANG_WARN_DEPRECATED_OBJC_IMPLEMENTATIONS = YES;
				CLANG_WARN_DIRECT_OBJC_ISA_USAGE = YES_ERROR;
				CLANG_WARN_DOCUMENTATION_COMMENTS = YES;
				CLANG_WARN_EMPTY_BODY = YES;
				CLANG_WARN_ENUM_CONVERSION = YES;
				CLANG_WARN_INFINITE_RECURSION = YES;
				CLANG_WARN_INT_CONVERSION = YES;
				CLANG_WARN_NON_LITERAL_NULL_CONVERSION = YES;
				CLANG_WARN_OBJC_IMPLICIT_RETAIN_SELF = YES;
				CLANG_WARN_OBJC_LITERAL_CONVERSION = YES;
				CLANG_WARN_OBJC_ROOT_CLASS = YES_ERROR;
				CLANG_WARN_QUOTED_INCLUDE_IN_FRAMEWORK_HEADER = YES;
				CLANG_WARN_RANGE_LOOP_ANALYSIS = YES;
				CLANG_WARN_STRICT_PROTOTYPES = YES;
				CLANG_WARN_SUSPICIOUS_MOVE = YES;
				CLANG_WARN_UNGUARDED_AVAILABILITY = YES_AGGRESSIVE;
				CLANG_WARN_UNREACHABLE_CODE = YES;
				CLANG_WARN__DUPLICATE_METHOD_MATCH = YES;
				COPY_PHASE_STRIP = NO;
				DEBUG_INFORMATION_FORMAT = dwarf;
				ENABLE_STRICT_OBJC_MSGSEND = YES;
				ENABLE_TESTABILITY = YES;
				GCC_C_LANGUAGE_STANDARD = gnu11;
				GCC_DYNAMIC_NO_PIC = NO;
				GCC_NO_COMMON_BLOCKS = YES;
				GCC_OPTIMIZATION_LEVEL = 0;
				GCC_PREPROCESSOR_DEFINITIONS = (
					"DEBUG=1",
					"$(inherited)",
				);
				GCC_WARN_64_TO_32_BIT_CONVERSION = YES;
				GCC_WARN_ABOUT_RETURN_TYPE = YES_ERROR;
				GCC_WARN_UNDECLARED_SELECTOR = YES;
				GCC_WARN_UNINITIALIZED_AUTOS = YES_AGGRESSIVE;
				GCC_WARN_UNUSED_FUNCTION = YES;
				GCC_WARN_UNUSED_VARIABLE = YES;
				IPHONEOS_DEPLOYMENT_TARGET = 14.4;
				MTL_ENABLE_DEBUG_INFO = INCLUDE_SOURCE;
				MTL_FAST_MATH = YES;
				ONLY_ACTIVE_ARCH = YES;
				SDKROOT = iphoneos;
				SWIFT_ACTIVE_COMPILATION_CONDITIONS = DEBUG;
				SWIFT_OPTIMIZATION_LEVEL = "-Onone";
			};
			name = Debug;
		};
		FA02B99F26424F2900457D2F /* Release */ = {
			isa = XCBuildConfiguration;
			buildSettings = {
				ALWAYS_SEARCH_USER_PATHS = NO;
				CLANG_ANALYZER_NONNULL = YES;
				CLANG_ANALYZER_NUMBER_OBJECT_CONVERSION = YES_AGGRESSIVE;
				CLANG_CXX_LANGUAGE_STANDARD = "gnu++14";
				CLANG_CXX_LIBRARY = "libc++";
				CLANG_ENABLE_MODULES = YES;
				CLANG_ENABLE_OBJC_ARC = YES;
				CLANG_ENABLE_OBJC_WEAK = YES;
				CLANG_WARN_BLOCK_CAPTURE_AUTORELEASING = YES;
				CLANG_WARN_BOOL_CONVERSION = YES;
				CLANG_WARN_COMMA = YES;
				CLANG_WARN_CONSTANT_CONVERSION = YES;
				CLANG_WARN_DEPRECATED_OBJC_IMPLEMENTATIONS = YES;
				CLANG_WARN_DIRECT_OBJC_ISA_USAGE = YES_ERROR;
				CLANG_WARN_DOCUMENTATION_COMMENTS = YES;
				CLANG_WARN_EMPTY_BODY = YES;
				CLANG_WARN_ENUM_CONVERSION = YES;
				CLANG_WARN_INFINITE_RECURSION = YES;
				CLANG_WARN_INT_CONVERSION = YES;
				CLANG_WARN_NON_LITERAL_NULL_CONVERSION = YES;
				CLANG_WARN_OBJC_IMPLICIT_RETAIN_SELF = YES;
				CLANG_WARN_OBJC_LITERAL_CONVERSION = YES;
				CLANG_WARN_OBJC_ROOT_CLASS = YES_ERROR;
				CLANG_WARN_QUOTED_INCLUDE_IN_FRAMEWORK_HEADER = YES;
				CLANG_WARN_RANGE_LOOP_ANALYSIS = YES;
				CLANG_WARN_STRICT_PROTOTYPES = YES;
				CLANG_WARN_SUSPICIOUS_MOVE = YES;
				CLANG_WARN_UNGUARDED_AVAILABILITY = YES_AGGRESSIVE;
				CLANG_WARN_UNREACHABLE_CODE = YES;
				CLANG_WARN__DUPLICATE_METHOD_MATCH = YES;
				COPY_PHASE_STRIP = NO;
				DEBUG_INFORMATION_FORMAT = "dwarf-with-dsym";
				ENABLE_NS_ASSERTIONS = NO;
				ENABLE_STRICT_OBJC_MSGSEND = YES;
				GCC_C_LANGUAGE_STANDARD = gnu11;
				GCC_NO_COMMON_BLOCKS = YES;
				GCC_WARN_64_TO_32_BIT_CONVERSION = YES;
				GCC_WARN_ABOUT_RETURN_TYPE = YES_ERROR;
				GCC_WARN_UNDECLARED_SELECTOR = YES;
				GCC_WARN_UNINITIALIZED_AUTOS = YES_AGGRESSIVE;
				GCC_WARN_UNUSED_FUNCTION = YES;
				GCC_WARN_UNUSED_VARIABLE = YES;
				IPHONEOS_DEPLOYMENT_TARGET = 14.4;
				MTL_ENABLE_DEBUG_INFO = NO;
				MTL_FAST_MATH = YES;
				SDKROOT = iphoneos;
				SWIFT_COMPILATION_MODE = wholemodule;
				SWIFT_OPTIMIZATION_LEVEL = "-O";
				VALIDATE_PRODUCT = YES;
			};
			name = Release;
		};
		FA02B9A126424F2900457D2F /* Debug */ = {
			isa = XCBuildConfiguration;
			buildSettings = {
				ASSETCATALOG_COMPILER_APPICON_NAME = AppIcon;
				ASSETCATALOG_COMPILER_GLOBAL_ACCENT_COLOR_NAME = AccentColor;
				CODE_SIGN_STYLE = Automatic;
				INFOPLIST_FILE = MyMonee/Info.plist;
				LD_RUNPATH_SEARCH_PATHS = (
					"$(inherited)",
					"@executable_path/Frameworks",
				);
				PRODUCT_BUNDLE_IDENTIFIER = com.mandiri.MyMonee;
				PRODUCT_NAME = "$(TARGET_NAME)";
				SWIFT_VERSION = 5.0;
				TARGETED_DEVICE_FAMILY = "1,2";
			};
			name = Debug;
		};
		FA02B9A226424F2900457D2F /* Release */ = {
			isa = XCBuildConfiguration;
			buildSettings = {
				ASSETCATALOG_COMPILER_APPICON_NAME = AppIcon;
				ASSETCATALOG_COMPILER_GLOBAL_ACCENT_COLOR_NAME = AccentColor;
				CODE_SIGN_STYLE = Automatic;
				INFOPLIST_FILE = MyMonee/Info.plist;
				LD_RUNPATH_SEARCH_PATHS = (
					"$(inherited)",
					"@executable_path/Frameworks",
				);
				PRODUCT_BUNDLE_IDENTIFIER = com.mandiri.MyMonee;
				PRODUCT_NAME = "$(TARGET_NAME)";
				SWIFT_VERSION = 5.0;
				TARGETED_DEVICE_FAMILY = "1,2";
			};
			name = Release;
		};
/* End XCBuildConfiguration section */

/* Begin XCConfigurationList section */
		FA02B98726424F2800457D2F /* Build configuration list for PBXProject "MyMonee" */ = {
			isa = XCConfigurationList;
			buildConfigurations = (
				FA02B99E26424F2900457D2F /* Debug */,
				FA02B99F26424F2900457D2F /* Release */,
			);
			defaultConfigurationIsVisible = 0;
			defaultConfigurationName = Release;
		};
		FA02B9A026424F2900457D2F /* Build configuration list for PBXNativeTarget "MyMonee" */ = {
			isa = XCConfigurationList;
			buildConfigurations = (
				FA02B9A126424F2900457D2F /* Debug */,
				FA02B9A226424F2900457D2F /* Release */,
			);
			defaultConfigurationIsVisible = 0;
			defaultConfigurationName = Release;
		};
/* End XCConfigurationList section */
	};
	rootObject = FA02B98426424F2800457D2F /* Project object */;
}
